
Microsoft Visual Studio Solution File, Format Version 12.00
# Visual Studio Version 16
VisualStudioVersion = 16.0.31515.178
MinimumVisualStudioVersion = 10.0.40219.1
Project("{FAE04EC0-301F-11D3-BF4B-00C04F79EFBC}") = "Meltdown", "Meltdown\Meltdown.csproj", "{4DCEAEEB-A4D1-4970-85F1-0AAABC45696B}"
EndProject
Project("{FAE04EC0-301F-11D3-BF4B-00C04F79EFBC}") = "Test", "Test\Test.csproj", "{A99AFB4F-CF59-4682-AC46-560721D10D9C}"
EndProject
Project("{FAE04EC0-301F-11D3-BF4B-00C04F79EFBC}") = "BlazMail", "BlazMail\BlazMail.csproj", "{30910A57-7D81-4309-84B7-B939D2C992B7}"
EndProject
Global
	GlobalSection(SolutionConfigurationPlatforms) = preSolution
		Debug|Any CPU = Debug|Any CPU
		Release|Any CPU = Release|Any CPU
	EndGlobalSection
	GlobalSection(ProjectConfigurationPlatforms) = postSolution
		{4DCEAEEB-A4D1-4970-85F1-0AAABC45696B}.Debug|Any CPU.ActiveCfg = Debug|Any CPU
		{4DCEAEEB-A4D1-4970-85F1-0AAABC45696B}.Debug|Any CPU.Build.0 = Debug|Any CPU
		{4DCEAEEB-A4D1-4970-85F1-0AAABC45696B}.Release|Any CPU.ActiveCfg = Release|Any CPU
		{4DCEAEEB-A4D1-4970-85F1-0AAABC45696B}.Release|Any CPU.Build.0 = Release|Any CPU
		{A99AFB4F-CF59-4682-AC46-560721D10D9C}.Debug|Any CPU.ActiveCfg = Debug|Any CPU
		{A99AFB4F-CF59-4682-AC46-560721D10D9C}.Debug|Any CPU.Build.0 = Debug|Any CPU
		{A99AFB4F-CF59-4682-AC46-560721D10D9C}.Release|Any CPU.ActiveCfg = Release|Any CPU
		{A99AFB4F-CF59-4682-AC46-560721D10D9C}.Release|Any CPU.Build.0 = Release|Any CPU
		{30910A57-7D81-4309-84B7-B939D2C992B7}.Debug|Any CPU.ActiveCfg = Debug|Any CPU
		{30910A57-7D81-4309-84B7-B939D2C992B7}.Debug|Any CPU.Build.0 = Debug|Any CPU
		{30910A57-7D81-4309-84B7-B939D2C992B7}.Release|Any CPU.ActiveCfg = Release|Any CPU
		{30910A57-7D81-4309-84B7-B939D2C992B7}.Release|Any CPU.Build.0 = Release|Any CPU
	EndGlobalSection
	GlobalSection(SolutionProperties) = preSolution
		HideSolutionNode = FALSE
	EndGlobalSection
	GlobalSection(ExtensibilityGlobals) = postSolution
		SolutionGuid = {5C90E58B-94FF-4B1E-8CF7-4101297F21E7}
	EndGlobalSection
EndGlobal
